
Microsoft Visual Studio Solution File, Format Version 12.00
# Visual Studio Version 16
VisualStudioVersion = 16.0.31321.278
MinimumVisualStudioVersion = 10.0.40219.1
Project("{8BC9CEB8-8B4A-11D0-8D11-00A0C91BC942}") = "0913_3W", "0913_3W.vcxproj", "{49F1678D-6387-40F5-AF07-E96EC7624F86}"
EndProject
Global
	GlobalSection(SolutionConfigurationPlatforms) = preSolution
		Debug|x64 = Debug|x64
		Debug|x86 = Debug|x86
		Release|x64 = Release|x64
		Release|x86 = Release|x86
	EndGlobalSection
	GlobalSection(ProjectConfigurationPlatforms) = postSolution
		{49F1678D-6387-40F5-AF07-E96EC7624F86}.Debug|x64.ActiveCfg = Debug|x64
		{49F1678D-6387-40F5-AF07-E96EC7624F86}.Debug|x64.Build.0 = Debug|x64
		{49F1678D-6387-40F5-AF07-E96EC7624F86}.Debug|x86.ActiveCfg = Debug|Win32
		{49F1678D-6387-40F5-AF07-E96EC7624F86}.Debug|x86.Build.0 = Debug|Win32
		{49F1678D-6387-40F5-AF07-E96EC7624F86}.Release|x64.ActiveCfg = Release|x64
		{49F1678D-6387-40F5-AF07-E96EC7624F86}.Release|x64.Build.0 = Release|x64
		{49F1678D-6387-40F5-AF07-E96EC7624F86}.Release|x86.ActiveCfg = Release|Win32
		{49F1678D-6387-40F5-AF07-E96EC7624F86}.Release|x86.Build.0 = Release|Win32
	EndGlobalSection
	GlobalSection(SolutionProperties) = preSolution
		HideSolutionNode = FALSE
	EndGlobalSection
	GlobalSection(ExtensibilityGlobals) = postSolution
		SolutionGuid = {8321A657-5847-4B08-BDD9-3282A1A378F8}
	EndGlobalSection
EndGlobal
